
Microsoft Visual Studio Solution File, Format Version 12.00
# Visual Studio Version 17
VisualStudioVersion = 17.2.32602.215
MinimumVisualStudioVersion = 10.0.40219.1
Project("{54A90642-561A-4BB1-A94E-469ADEE60C69}") = "BDU_Front_End", "BDU_Front_End.esproj", "{11151F68-01E9-4FB5-AD21-0278E80F8733}"
EndProject
Project("{FAE04EC0-301F-11D3-BF4B-00C04F79EFBC}") = "BDU_Back_End", "..\BDU_Back_End\BDU_Back_End.csproj", "{3D306D23-2D04-4AB2-872E-F81F3DF81F6D}"
EndProject
Global
	GlobalSection(SolutionConfigurationPlatforms) = preSolution
		Debug|Any CPU = Debug|Any CPU
		Release|Any CPU = Release|Any CPU
	EndGlobalSection
	GlobalSection(ProjectConfigurationPlatforms) = postSolution
		{11151F68-01E9-4FB5-AD21-0278E80F8733}.Debug|Any CPU.ActiveCfg = Debug|Any CPU
		{11151F68-01E9-4FB5-AD21-0278E80F8733}.Debug|Any CPU.Build.0 = Debug|Any CPU
		{11151F68-01E9-4FB5-AD21-0278E80F8733}.Debug|Any CPU.Deploy.0 = Debug|Any CPU
		{11151F68-01E9-4FB5-AD21-0278E80F8733}.Release|Any CPU.ActiveCfg = Release|Any CPU
		{11151F68-01E9-4FB5-AD21-0278E80F8733}.Release|Any CPU.Build.0 = Release|Any CPU
		{11151F68-01E9-4FB5-AD21-0278E80F8733}.Release|Any CPU.Deploy.0 = Release|Any CPU
		{3D306D23-2D04-4AB2-872E-F81F3DF81F6D}.Debug|Any CPU.ActiveCfg = Debug|Any CPU
		{3D306D23-2D04-4AB2-872E-F81F3DF81F6D}.Debug|Any CPU.Build.0 = Debug|Any CPU
		{3D306D23-2D04-4AB2-872E-F81F3DF81F6D}.Release|Any CPU.ActiveCfg = Release|Any CPU
		{3D306D23-2D04-4AB2-872E-F81F3DF81F6D}.Release|Any CPU.Build.0 = Release|Any CPU
	EndGlobalSection
	GlobalSection(SolutionProperties) = preSolution
		HideSolutionNode = FALSE
	EndGlobalSection
	GlobalSection(ExtensibilityGlobals) = postSolution
		SolutionGuid = {F6861B9F-E6D2-4EDB-A5A1-528F07D6402A}
	EndGlobalSection
EndGlobal
